
Microsoft Visual Studio Solution File, Format Version 12.00
# Visual Studio Version 17
VisualStudioVersion = 17.11.35303.130
MinimumVisualStudioVersion = 10.0.40219.1
Project("{8BC9CEB8-8B4A-11D0-8D11-00A0C91BC942}") = "HuffmanCoding", "HuffmanCoding\HuffmanCoding.vcxproj", "{36430578-F998-4310-9133-F66B90A73341}"
EndProject
Global
	GlobalSection(SolutionConfigurationPlatforms) = preSolution
		Debug|x64 = Debug|x64
		Debug|x86 = Debug|x86
		Release|x64 = Release|x64
		Release|x86 = Release|x86
	EndGlobalSection
	GlobalSection(ProjectConfigurationPlatforms) = postSolution
		{36430578-F998-4310-9133-F66B90A73341}.Debug|x64.ActiveCfg = Debug|x64
		{36430578-F998-4310-9133-F66B90A73341}.Debug|x64.Build.0 = Debug|x64
		{36430578-F998-4310-9133-F66B90A73341}.Debug|x86.ActiveCfg = Debug|Win32
		{36430578-F998-4310-9133-F66B90A73341}.Debug|x86.Build.0 = Debug|Win32
		{36430578-F998-4310-9133-F66B90A73341}.Release|x64.ActiveCfg = Release|x64
		{36430578-F998-4310-9133-F66B90A73341}.Release|x64.Build.0 = Release|x64
		{36430578-F998-4310-9133-F66B90A73341}.Release|x86.ActiveCfg = Release|Win32
		{36430578-F998-4310-9133-F66B90A73341}.Release|x86.Build.0 = Release|Win32
	EndGlobalSection
	GlobalSection(SolutionProperties) = preSolution
		HideSolutionNode = FALSE
	EndGlobalSection
	GlobalSection(ExtensibilityGlobals) = postSolution
		SolutionGuid = {BF0511C7-3F61-4965-B2FB-A8B095387D1A}
	EndGlobalSection
EndGlobal
